{
  "originHash" : "cb2340d9eb479a3ff1abd5295b35906138d29a79082f077c8755d13ebee3b334",
  "pins" : [
    {
      "identity" : "machokit",
      "kind" : "remoteSourceControl",
      "location" : "https://github.com/p-x9/MachOKit.git",
      "state" : {
        "branch" : "main",
        "revision" : "fc1f2646220b3ce9db2e415b6b8848f5a89ed865"
      }
    },
    {
      "identity" : "swift-fileio",
      "kind" : "remoteSourceControl",
      "location" : "https://github.com/p-x9/swift-fileio.git",
      "state" : {
        "revision" : "76a4c719e796a1e5052e283788d8cd92408758fe",
        "version" : "0.12.0"
      }
    }
  ],
  "version" : 3
}
